4d63.com/biblepassageapi v0.0.0-20180105044528-9d5d1c7387b7 h1:FQLjLWrmZi9rgj5rpSQUvm7P9dKfkObFGIQ3kSaQBCw=
4d63.com/biblepassageapi v0.0.0-20180225063345-91ced37ea735 h1:1nIaU65tXcJCZV94aQSNZy5ZRpYXs0MwnnTYFqlge2s=
4d63.com/biblepassageapi v0.0.0-20180225070434-7c130973cbcc h1:v+VHVT8zpvqiUgA89DepCedXZWB5piRPUa3JrofjMkM=
4d63.com/biblepassageapi v0.0.0-20180225070434-7c130973cbcc/go.mod h1:mk+vpnCGLLVHoSHnLoMJsmpBsqjCG1kwFfwA7XjlpdE=
4d63.com/biblestats v0.0.0-20180221070837-db3cb0a63ce6 h1:RQ33z6Iajz/V9yBB6nyM/TMDirg705CBwjHpkc+uBi4=
4d63.com/biblestats v0.0.0-20180221070837-db3cb0a63ce6/go.mod h1:7hppl7BXRVhX+y3QIE0BPtt+FFwulfG+z3a87Of8V0k=
4d63.com/collapsewhitespace v0.0.0-20180206055443-697160e33fd4 h1:oMAcYS/pEP/7vFGjTg4vgmTuOxCdRqdiPu6MmOvDPoU=
4d63.com/collapsewhitespace v0.0.0-20180206055443-697160e33fd4/go.mod h1:lnsj6LXLeotLpzklyHG6AwLEyRHmTYqj9HrKxmOFgo8=
4d63.com/collapsewhitespace v0.0.0-20190109064012-23971e8e1f30 h1:oac7squjA8PM8KLF5SNqSXpiNohrLJAqx6L9omwImo8=
4d63.com/collapsewhitespace v0.0.0-20190109064012-23971e8e1f30/go.mod h1:lnsj6LXLeotLpzklyHG6AwLEyRHmTYqj9HrKxmOFgo8=
4d63.com/static v0.0.0-20180221054436-5af232ad25e5 h1:02Twr/DGRY8xnkEeVPtBrQl7NrihKszCjQiVYT25cxM=
4d63.com/static v0.0.0-20180221054436-5af232ad25e5/go.mod h1:wkcIxU463K3oEFYVQkQOJy3+w5lA/vHjRCcaZbm92qI=
4d63.com/youtubelength v0.0.0-20180105163403-5f3917c3a5f1 h1:hp3w01eSIvp1V6SkOTE+Ve6n/IQoP5y6+vhwkiz3azs=
4d63.com/youtubelength v0.0.0-20180105163403-5f3917c3a5f1/go.mod h1:lrvBiUs+iPfIT5pJpePvDcRNOP7DeiYIhJT3kfRMyMg=
